
Microsoft Visual Studio Solution File, Format Version 12.00
Project("{FAE04EC0-301F-11D3-BF4B-00C04F79EFBC}") = "ReminderApi", "ReminderApi\ReminderApi.csproj", "{A497F977-7D46-4C2F-A722-0FBB57E26486}"
EndProject
Project("{FAE04EC0-301F-11D3-BF4B-00C04F79EFBC}") = "ApplicationDatabase", "ApplicationDatabase\ApplicationDatabase.csproj", "{EC9C337A-A221-41F4-9BF1-D778C7B816C8}"
EndProject
Project("{FAE04EC0-301F-11D3-BF4B-00C04F79EFBC}") = "Infrastructure", "Infrastructure\Infrastructure.csproj", "{8C075F11-E6A1-4561-8B99-3D57AF625D9A}"
EndProject
Global
	GlobalSection(SolutionConfigurationPlatforms) = preSolution
		Debug|Any CPU = Debug|Any CPU
		Release|Any CPU = Release|Any CPU
	EndGlobalSection
	GlobalSection(ProjectConfigurationPlatforms) = postSolution
		{A497F977-7D46-4C2F-A722-0FBB57E26486}.Debug|Any CPU.ActiveCfg = Debug|Any CPU
		{A497F977-7D46-4C2F-A722-0FBB57E26486}.Debug|Any CPU.Build.0 = Debug|Any CPU
		{A497F977-7D46-4C2F-A722-0FBB57E26486}.Release|Any CPU.ActiveCfg = Release|Any CPU
		{A497F977-7D46-4C2F-A722-0FBB57E26486}.Release|Any CPU.Build.0 = Release|Any CPU
		{EC9C337A-A221-41F4-9BF1-D778C7B816C8}.Debug|Any CPU.ActiveCfg = Debug|Any CPU
		{EC9C337A-A221-41F4-9BF1-D778C7B816C8}.Debug|Any CPU.Build.0 = Debug|Any CPU
		{EC9C337A-A221-41F4-9BF1-D778C7B816C8}.Release|Any CPU.ActiveCfg = Release|Any CPU
		{EC9C337A-A221-41F4-9BF1-D778C7B816C8}.Release|Any CPU.Build.0 = Release|Any CPU
		{8C075F11-E6A1-4561-8B99-3D57AF625D9A}.Debug|Any CPU.ActiveCfg = Debug|Any CPU
		{8C075F11-E6A1-4561-8B99-3D57AF625D9A}.Debug|Any CPU.Build.0 = Debug|Any CPU
		{8C075F11-E6A1-4561-8B99-3D57AF625D9A}.Release|Any CPU.ActiveCfg = Release|Any CPU
		{8C075F11-E6A1-4561-8B99-3D57AF625D9A}.Release|Any CPU.Build.0 = Release|Any CPU
	EndGlobalSection
EndGlobal
