
Microsoft Visual Studio Solution File, Format Version 12.00
Project("{FAE04EC0-301F-11D3-BF4B-00C04F79EFBC}") = "Api", "Api\Api.csproj", "{A3F40CFB-AA03-4218-93DA-AE626B62B341}"
EndProject
Project("{FAE04EC0-301F-11D3-BF4B-00C04F79EFBC}") = "DatabaseCatalog", "DatabaseCatalog\DatabaseCatalog.csproj", "{DDCB5FB7-8636-4874-8468-E44F0A472A31}"
EndProject
Global
	GlobalSection(SolutionConfigurationPlatforms) = preSolution
		Debug|Any CPU = Debug|Any CPU
		Release|Any CPU = Release|Any CPU
	EndGlobalSection
	GlobalSection(ProjectConfigurationPlatforms) = postSolution
		{A3F40CFB-AA03-4218-93DA-AE626B62B341}.Debug|Any CPU.ActiveCfg = Debug|Any CPU
		{A3F40CFB-AA03-4218-93DA-AE626B62B341}.Debug|Any CPU.Build.0 = Debug|Any CPU
		{A3F40CFB-AA03-4218-93DA-AE626B62B341}.Release|Any CPU.ActiveCfg = Release|Any CPU
		{A3F40CFB-AA03-4218-93DA-AE626B62B341}.Release|Any CPU.Build.0 = Release|Any CPU
		{DDCB5FB7-8636-4874-8468-E44F0A472A31}.Debug|Any CPU.ActiveCfg = Debug|Any CPU
		{DDCB5FB7-8636-4874-8468-E44F0A472A31}.Debug|Any CPU.Build.0 = Debug|Any CPU
		{DDCB5FB7-8636-4874-8468-E44F0A472A31}.Release|Any CPU.ActiveCfg = Release|Any CPU
		{DDCB5FB7-8636-4874-8468-E44F0A472A31}.Release|Any CPU.Build.0 = Release|Any CPU
	EndGlobalSection
EndGlobal
